Microsoft Visual Studio Solution File, Format Version 1.00
Project("{66355F20-A65B-11D0-BFB5-00A0C91EBFA0}") = "GetPFans", "GetPFans.vjp", "{A6359B20-D7F7-11D1-B790-00A0C9707B03}"
EndProject
Project("{66355F20-A65B-11D0-BFB5-00A0C91EBFA0}") = "UnDigest", "UnDigest\UnDigest.vjp", "{7F49BF61-D947-11D1-B4A1-CF4907250F2F}"
EndProject
Global
	GlobalSection(DeploymentRoot) = postSolution
		DeploymentRootNumChildren = 0
	EndGlobalSection
	GlobalSection(LocalDeployment) = postSolution
		StartupProject = {7F49BF61-D947-11D1-B4A1-CF4907250F2F}
	EndGlobalSection
	GlobalSection(BuildOrder) = postSolution
		0 = {A6359B20-D7F7-11D1-B790-00A0C9707B03}
		1 = {7F49BF61-D947-11D1-B4A1-CF4907250F2F}
	EndGlobalSection
EndGlobal
