Microsoft Visual Studio Solution File, Format Version 1.00
Project("{66355F20-A65B-11D0-BFB5-00A0C91EBFA0}") = "XTract", "XTract.vjp", "{9F7B93A0-F2C5-11D1-B79E-00A0C9707B03}"
EndProject
Global
	GlobalSection(DeploymentRoot) = postSolution
		DeploymentRootNumChildren = 0
	EndGlobalSection
	GlobalSection(LocalDeployment) = postSolution
		StartupProject = {9F7B93A0-F2C5-11D1-B79E-00A0C9707B03}
	EndGlobalSection
	GlobalSection(BuildOrder) = postSolution
		0 = {9F7B93A0-F2C5-11D1-B79E-00A0C9707B03}
	EndGlobalSection
EndGlobal
